
Microsoft Visual Studio Solution File, Format Version 12.00
# Visual Studio Version 16
VisualStudioVersion = 16.0.29215.179
MinimumVisualStudioVersion = 10.0.40219.1
Project("{8BC9CEB8-8B4A-11D0-8D11-00A0C91BC942}") = "ThreadedChatSolution", "ThreadedChatSolution.vcxproj", "{A9C082B1-0820-4F27-A5E3-E0FE08A8D6AA}"
EndProject
Project("{8BC9CEB8-8B4A-11D0-8D11-00A0C91BC942}") = "Chat_Server", "..\Chat_Server\Chat_Server.vcxproj", "{7B4BE70D-32C6-4EFE-A8DA-926F5058D6B3}"
EndProject
Project("{8BC9CEB8-8B4A-11D0-8D11-00A0C91BC942}") = "Chat_Browser", "..\Chat_Browser\Chat_Browser.vcxproj", "{2331CFBF-C432-423B-8853-B6984229E318}"
EndProject
Project("{8BC9CEB8-8B4A-11D0-8D11-00A0C91BC942}") = "SocketLib", "..\SocketLib\SocketLib.vcxproj", "{C75C7E94-33E0-47C6-A9EB-2710F987BBDB}"
EndProject
Global
	GlobalSection(SolutionConfigurationPlatforms) = preSolution
		Debug|x64 = Debug|x64
		Debug|x86 = Debug|x86
		Release|x64 = Release|x64
		Release|x86 = Release|x86
	EndGlobalSection
	GlobalSection(ProjectConfigurationPlatforms) = postSolution
		{A9C082B1-0820-4F27-A5E3-E0FE08A8D6AA}.Debug|x64.ActiveCfg = Debug|x64
		{A9C082B1-0820-4F27-A5E3-E0FE08A8D6AA}.Debug|x64.Build.0 = Debug|x64
		{A9C082B1-0820-4F27-A5E3-E0FE08A8D6AA}.Debug|x86.ActiveCfg = Debug|Win32
		{A9C082B1-0820-4F27-A5E3-E0FE08A8D6AA}.Debug|x86.Build.0 = Debug|Win32
		{A9C082B1-0820-4F27-A5E3-E0FE08A8D6AA}.Release|x64.ActiveCfg = Release|x64
		{A9C082B1-0820-4F27-A5E3-E0FE08A8D6AA}.Release|x64.Build.0 = Release|x64
		{A9C082B1-0820-4F27-A5E3-E0FE08A8D6AA}.Release|x86.ActiveCfg = Release|Win32
		{A9C082B1-0820-4F27-A5E3-E0FE08A8D6AA}.Release|x86.Build.0 = Release|Win32
		{7B4BE70D-32C6-4EFE-A8DA-926F5058D6B3}.Debug|x64.ActiveCfg = Debug|x64
		{7B4BE70D-32C6-4EFE-A8DA-926F5058D6B3}.Debug|x64.Build.0 = Debug|x64
		{7B4BE70D-32C6-4EFE-A8DA-926F5058D6B3}.Debug|x86.ActiveCfg = Debug|Win32
		{7B4BE70D-32C6-4EFE-A8DA-926F5058D6B3}.Debug|x86.Build.0 = Debug|Win32
		{7B4BE70D-32C6-4EFE-A8DA-926F5058D6B3}.Release|x64.ActiveCfg = Release|x64
		{7B4BE70D-32C6-4EFE-A8DA-926F5058D6B3}.Release|x64.Build.0 = Release|x64
		{7B4BE70D-32C6-4EFE-A8DA-926F5058D6B3}.Release|x86.ActiveCfg = Release|Win32
		{7B4BE70D-32C6-4EFE-A8DA-926F5058D6B3}.Release|x86.Build.0 = Release|Win32
		{2331CFBF-C432-423B-8853-B6984229E318}.Debug|x64.ActiveCfg = Debug|x64
		{2331CFBF-C432-423B-8853-B6984229E318}.Debug|x64.Build.0 = Debug|x64
		{2331CFBF-C432-423B-8853-B6984229E318}.Debug|x86.ActiveCfg = Debug|Win32
		{2331CFBF-C432-423B-8853-B6984229E318}.Debug|x86.Build.0 = Debug|Win32
		{2331CFBF-C432-423B-8853-B6984229E318}.Release|x64.ActiveCfg = Release|x64
		{2331CFBF-C432-423B-8853-B6984229E318}.Release|x64.Build.0 = Release|x64
		{2331CFBF-C432-423B-8853-B6984229E318}.Release|x86.ActiveCfg = Release|Win32
		{2331CFBF-C432-423B-8853-B6984229E318}.Release|x86.Build.0 = Release|Win32
		{C75C7E94-33E0-47C6-A9EB-2710F987BBDB}.Debug|x64.ActiveCfg = Debug|x64
		{C75C7E94-33E0-47C6-A9EB-2710F987BBDB}.Debug|x64.Build.0 = Debug|x64
		{C75C7E94-33E0-47C6-A9EB-2710F987BBDB}.Debug|x86.ActiveCfg = Debug|Win32
		{C75C7E94-33E0-47C6-A9EB-2710F987BBDB}.Debug|x86.Build.0 = Debug|Win32
		{C75C7E94-33E0-47C6-A9EB-2710F987BBDB}.Release|x64.ActiveCfg = Release|x64
		{C75C7E94-33E0-47C6-A9EB-2710F987BBDB}.Release|x64.Build.0 = Release|x64
		{C75C7E94-33E0-47C6-A9EB-2710F987BBDB}.Release|x86.ActiveCfg = Release|Win32
		{C75C7E94-33E0-47C6-A9EB-2710F987BBDB}.Release|x86.Build.0 = Release|Win32
	EndGlobalSection
	GlobalSection(SolutionProperties) = preSolution
		HideSolutionNode = FALSE
	EndGlobalSection
	GlobalSection(ExtensibilityGlobals) = postSolution
		SolutionGuid = {4BD3A747-3CD3-42C9-8EEE-18D588420820}
	EndGlobalSection
EndGlobal
